// !$*UTF8*$!
{
	archiveVersion = 1;
	classes = {
	};
	objectVersion = 46;
	objects = {

/* Begin PBXBuildFile section */
		371536E01994998200EDF560 /* CTSTokenizedPaymentToken.m in Sources */ = {isa = PBXBuildFile; fileRef = 371536DF1994998200EDF560 /* CTSTokenizedPaymentToken.m */; };
		371B5D24198A5CCF0096451C /* CTSRestCore.m in Sources */ = {isa = PBXBuildFile; fileRef = 371B5D1A198A5CCF0096451C /* CTSRestCore.m */; };
		371B5D25198A5CCF0096451C /* CTSRestCoreRequest.m in Sources */ = {isa = PBXBuildFile; fileRef = 371B5D1D198A5CCF0096451C /* CTSRestCoreRequest.m */; };
		371B5D26198A5CCF0096451C /* CTSRestCoreResponse.m in Sources */ = {isa = PBXBuildFile; fileRef = 371B5D1F198A5CCF0096451C /* CTSRestCoreResponse.m */; };
		371B5D27198A5CCF0096451C /* CTSRestObject.m in Sources */ = {isa = PBXBuildFile; fileRef = 371B5D21198A5CCF0096451C /* CTSRestObject.m */; };
		371B5D28198A5CCF0096451C /* CTSRestPluginBase.m in Sources */ = {isa = PBXBuildFile; fileRef = 371B5D23198A5CCF0096451C /* CTSRestPluginBase.m */; };
		371B5D45198A5D110096451C /* JSONModel+CoreData.m in Sources */ = {isa = PBXBuildFile; fileRef = 371B5D2C198A5D110096451C /* JSONModel+CoreData.m */; };
		371B5D46198A5D110096451C /* JSONModel.m in Sources */ = {isa = PBXBuildFile; fileRef = 371B5D2E198A5D110096451C /* JSONModel.m */; };
		371B5D47198A5D110096451C /* JSONModelArray.m in Sources */ = {isa = PBXBuildFile; fileRef = 371B5D30198A5D110096451C /* JSONModelArray.m */; };
		371B5D48198A5D110096451C /* JSONModelClassProperty.m in Sources */ = {isa = PBXBuildFile; fileRef = 371B5D32198A5D110096451C /* JSONModelClassProperty.m */; };
		371B5D49198A5D110096451C /* JSONModelError.m in Sources */ = {isa = PBXBuildFile; fileRef = 371B5D34198A5D110096451C /* JSONModelError.m */; };
		371B5D4A198A5D110096451C /* NSArray+JSONModel.m in Sources */ = {isa = PBXBuildFile; fileRef = 371B5D37198A5D110096451C /* NSArray+JSONModel.m */; };
		371B5D52198A5D770096451C /* CTSRestError.m in Sources */ = {isa = PBXBuildFile; fileRef = 371B5D51198A5D770096451C /* CTSRestError.m */; };
		3733269519B860190084D52D /* JSONKeyMapper.m in Sources */ = {isa = PBXBuildFile; fileRef = 3733269219B860190084D52D /* JSONKeyMapper.m */; };
		3733269619B860190084D52D /* JSONValueTransformer.m in Sources */ = {isa = PBXBuildFile; fileRef = 3733269419B860190084D52D /* JSONValueTransformer.m */; };
		375F30F3195BF24500F86149 /* .gitignore in Resources */ = {isa = PBXBuildFile; fileRef = 375F30F2195BF24500F86149 /* .gitignore */; };
		376E4EC919B5A13F00739B00 /* ServerSignature.m in Sources */ = {isa = PBXBuildFile; fileRef = 376E4EC819B5A13F00739B00 /* ServerSignature.m */; };
		37851BB41978F2DD00AE3AD0 /* CTSRestRegister.m in Sources */ = {isa = PBXBuildFile; fileRef = 37851B491978F2DD00AE3AD0 /* CTSRestRegister.m */; };
		37851BB51978F2DD00AE3AD0 /* CTSRestRegister.m in Sources */ = {isa = PBXBuildFile; fileRef = 37851B491978F2DD00AE3AD0 /* CTSRestRegister.m */; };
		37851BB61978F2DD00AE3AD0 /* CTSTypeToParameterMapping.m in Sources */ = {isa = PBXBuildFile; fileRef = 37851B4B1978F2DD00AE3AD0 /* CTSTypeToParameterMapping.m */; };
		37851BB71978F2DD00AE3AD0 /* CTSTypeToParameterMapping.m in Sources */ = {isa = PBXBuildFile; fileRef = 37851B4B1978F2DD00AE3AD0 /* CTSTypeToParameterMapping.m */; };
		37851BF41978F2DD00AE3AD0 /* CTSAuthLayer.m in Sources */ = {isa = PBXBuildFile; fileRef = 37851B921978F2DD00AE3AD0 /* CTSAuthLayer.m */; };
		37851BF51978F2DD00AE3AD0 /* CTSAuthLayer.m in Sources */ = {isa = PBXBuildFile; fileRef = 37851B921978F2DD00AE3AD0 /* CTSAuthLayer.m */; };
		37851BF61978F2DD00AE3AD0 /* CTSError.m in Sources */ = {isa = PBXBuildFile; fileRef = 37851B961978F2DD00AE3AD0 /* CTSError.m */; };
		37851BF71978F2DD00AE3AD0 /* CTSError.m in Sources */ = {isa = PBXBuildFile; fileRef = 37851B961978F2DD00AE3AD0 /* CTSError.m */; };
		37851BF81978F2DD00AE3AD0 /* CTSObject.m in Sources */ = {isa = PBXBuildFile; fileRef = 37851B991978F2DD00AE3AD0 /* CTSObject.m */; };
		37851BF91978F2DD00AE3AD0 /* CTSObject.m in Sources */ = {isa = PBXBuildFile; fileRef = 37851B991978F2DD00AE3AD0 /* CTSObject.m */; };
		37851BFC1978F2DD00AE3AD0 /* CTSUtility.m in Sources */ = {isa = PBXBuildFile; fileRef = 37851B9D1978F2DD00AE3AD0 /* CTSUtility.m */; };
		37851BFD1978F2DD00AE3AD0 /* CTSUtility.m in Sources */ = {isa = PBXBuildFile; fileRef = 37851B9D1978F2DD00AE3AD0 /* CTSUtility.m */; };
		37851C001978F2DD00AE3AD0 /* CreditCard-Validator.m in Sources */ = {isa = PBXBuildFile; fileRef = 37851BA41978F2DD00AE3AD0 /* CreditCard-Validator.m */; };
		37851C011978F2DD00AE3AD0 /* CreditCard-Validator.m in Sources */ = {isa = PBXBuildFile; fileRef = 37851BA41978F2DD00AE3AD0 /* CreditCard-Validator.m */; };
		37851C021978F2DD00AE3AD0 /* NSObject+logProperties.m in Sources */ = {isa = PBXBuildFile; fileRef = 37851BA71978F2DD00AE3AD0 /* NSObject+logProperties.m */; };
		37851C031978F2DD00AE3AD0 /* NSObject+logProperties.m in Sources */ = {isa = PBXBuildFile; fileRef = 37851BA71978F2DD00AE3AD0 /* NSObject+logProperties.m */; };
		37A7C6A51922458F005D29D4 /* Foundation.framework in Frameworks */ = {isa = PBXBuildFile; fileRef = 37A7C6A41922458F005D29D4 /* Foundation.framework */; };
		37A7C6A71922458F005D29D4 /* CoreGraphics.framework in Frameworks */ = {isa = PBXBuildFile; fileRef = 37A7C6A61922458F005D29D4 /* CoreGraphics.framework */; };
		37A7C6A91922458F005D29D4 /* UIKit.framework in Frameworks */ = {isa = PBXBuildFile; fileRef = 37A7C6A81922458F005D29D4 /* UIKit.framework */; };
		37A7C6AF1922458F005D29D4 /* InfoPlist.strings in Resources */ = {isa = PBXBuildFile; fileRef = 37A7C6AD1922458F005D29D4 /* InfoPlist.strings */; };
		37A7C6B11922458F005D29D4 /* main.m in Sources */ = {isa = PBXBuildFile; fileRef = 37A7C6B01922458F005D29D4 /* main.m */; };
		37A7C6B51922458F005D29D4 /* AppDelegate.m in Sources */ = {isa = PBXBuildFile; fileRef = 37A7C6B41922458F005D29D4 /* AppDelegate.m */; };
		37A7C6B81922458F005D29D4 /* Main.storyboard in Resources */ = {isa = PBXBuildFile; fileRef = 37A7C6B61922458F005D29D4 /* Main.storyboard */; };
		37A7C6BB1922458F005D29D4 /* ViewController.m in Sources */ = {isa = PBXBuildFile; fileRef = 37A7C6BA1922458F005D29D4 /* ViewController.m */; };
		37A7C6BD1922458F005D29D4 /* Images.xcassets in Resources */ = {isa = PBXBuildFile; fileRef = 37A7C6BC1922458F005D29D4 /* Images.xcassets */; };
		37A7C6C41922458F005D29D4 /* XCTest.framework in Frameworks */ = {isa = PBXBuildFile; fileRef = 37A7C6C31922458F005D29D4 /* XCTest.framework */; };
		37A7C6C51922458F005D29D4 /* Foundation.framework in Frameworks */ = {isa = PBXBuildFile; fileRef = 37A7C6A41922458F005D29D4 /* Foundation.framework */; };
		37A7C6C61922458F005D29D4 /* UIKit.framework in Frameworks */ = {isa = PBXBuildFile; fileRef = 37A7C6A81922458F005D29D4 /* UIKit.framework */; };
		37A7C6CE1922458F005D29D4 /* InfoPlist.strings in Resources */ = {isa = PBXBuildFile; fileRef = 37A7C6CC1922458F005D29D4 /* InfoPlist.strings */; };
		37A7C6D01922458F005D29D4 /* RestFulltesterTests.m in Sources */ = {isa = PBXBuildFile; fileRef = 37A7C6CF1922458F005D29D4 /* RestFulltesterTests.m */; };
		37A7C6DC19224B64005D29D4 /* Networking.m in Sources */ = {isa = PBXBuildFile; fileRef = 37A7C6DB19224B64005D29D4 /* Networking.m */; };
		37B74D80199CAD7D00D7CC2C /* OauthStatus.m in Sources */ = {isa = PBXBuildFile; fileRef = 37B74D7F199CAD7D00D7CC2C /* OauthStatus.m */; };
		37C96447198F6B350021DC0B /* CTSProfileLayer.m in Sources */ = {isa = PBXBuildFile; fileRef = 37C96445198F6B350021DC0B /* CTSProfileLayer.m */; };
		37C96490198F723E0021DC0B /* CTSAmount.m in Sources */ = {isa = PBXBuildFile; fileRef = 37C96450198F723E0021DC0B /* CTSAmount.m */; };
		37C96491198F723E0021DC0B /* CTSGuestCheckout.m in Sources */ = {isa = PBXBuildFile; fileRef = 37C96452198F723E0021DC0B /* CTSGuestCheckout.m */; };
		37C96492198F723E0021DC0B /* CTSPaymentMode.m in Sources */ = {isa = PBXBuildFile; fileRef = 37C96454198F723E0021DC0B /* CTSPaymentMode.m */; };
		37C96493198F723E0021DC0B /* CTSPaymentNetbankingRequest.m in Sources */ = {isa = PBXBuildFile; fileRef = 37C96456198F723E0021DC0B /* CTSPaymentNetbankingRequest.m */; };
		37C96494198F723E0021DC0B /* CTSPaymentRequest.m in Sources */ = {isa = PBXBuildFile; fileRef = 37C96458198F723E0021DC0B /* CTSPaymentRequest.m */; };
		37C96495198F723E0021DC0B /* CTSPaymentToken.m in Sources */ = {isa = PBXBuildFile; fileRef = 37C9645A198F723E0021DC0B /* CTSPaymentToken.m */; };
		37C96496198F723E0021DC0B /* CTSPaymentUpdate.m in Sources */ = {isa = PBXBuildFile; fileRef = 37C9645C198F723E0021DC0B /* CTSPaymentUpdate.m */; };
		37C96497198F723E0021DC0B /* CTSTokenizedCardPayment.m in Sources */ = {isa = PBXBuildFile; fileRef = 37C9645E198F723E0021DC0B /* CTSTokenizedCardPayment.m */; };
		37C96498198F723E0021DC0B /* CTSUserAddress.m in Sources */ = {isa = PBXBuildFile; fileRef = 37C96460198F723E0021DC0B /* CTSUserAddress.m */; };
		37C96499198F723E0021DC0B /* CTSUserDetails.m in Sources */ = {isa = PBXBuildFile; fileRef = 37C96462198F723E0021DC0B /* CTSUserDetails.m */; };
		37C9649B198F723E0021DC0B /* CTSContactUpdate.m in Sources */ = {isa = PBXBuildFile; fileRef = 37C96467198F723E0021DC0B /* CTSContactUpdate.m */; };
		37C9649C198F723E0021DC0B /* CTSElectronicCardUpdate.m in Sources */ = {isa = PBXBuildFile; fileRef = 37C96469198F723E0021DC0B /* CTSElectronicCardUpdate.m */; };
		37C9649D198F723E0021DC0B /* CTSNetBankingUpdate.m in Sources */ = {isa = PBXBuildFile; fileRef = 37C9646B198F723E0021DC0B /* CTSNetBankingUpdate.m */; };
		37C9649E198F723E0021DC0B /* CTSPaymentDetailUpdate.m in Sources */ = {isa = PBXBuildFile; fileRef = 37C9646D198F723E0021DC0B /* CTSPaymentDetailUpdate.m */; };
		37C9649F198F723E0021DC0B /* CTSPaymentOption.m in Sources */ = {isa = PBXBuildFile; fileRef = 37C9646F198F723E0021DC0B /* CTSPaymentOption.m */; };
		37C964A0198F723E0021DC0B /* CTSPrepaidUpdate.m in Sources */ = {isa = PBXBuildFile; fileRef = 37C96471198F723E0021DC0B /* CTSPrepaidUpdate.m */; };
		37C964A1198F723E0021DC0B /* CTSTokenizedPayment.m in Sources */ = {isa = PBXBuildFile; fileRef = 37C96473198F723E0021DC0B /* CTSTokenizedPayment.m */; };
		37C964A4198F723E0021DC0B /* CTSCreditCardOption.m in Sources */ = {isa = PBXBuildFile; fileRef = 37C9647C198F723E0021DC0B /* CTSCreditCardOption.m */; };
		37C964A5198F723E0021DC0B /* CTSDebitCardOption.m in Sources */ = {isa = PBXBuildFile; fileRef = 37C9647E198F723E0021DC0B /* CTSDebitCardOption.m */; };
		37C964A6198F723E0021DC0B /* CTSNetbankingOption.m in Sources */ = {isa = PBXBuildFile; fileRef = 37C96480198F723E0021DC0B /* CTSNetbankingOption.m */; };
		37C964A7198F723E0021DC0B /* CTSPaymentRes.m in Sources */ = {isa = PBXBuildFile; fileRef = 37C96482198F723E0021DC0B /* CTSPaymentRes.m */; };
		37C964A8198F723E0021DC0B /* CTSPaymentTransactionRes.m in Sources */ = {isa = PBXBuildFile; fileRef = 37C96484198F723E0021DC0B /* CTSPaymentTransactionRes.m */; };
		37C964A9198F723E0021DC0B /* CTSPgSettings.m in Sources */ = {isa = PBXBuildFile; fileRef = 37C96486198F723E0021DC0B /* CTSPgSettings.m */; };
		37C964AA198F723E0021DC0B /* CTSProfileContactRes.m in Sources */ = {isa = PBXBuildFile; fileRef = 37C96489198F723E0021DC0B /* CTSProfileContactRes.m */; };
		37C964AB198F723E0021DC0B /* CTSProfilePaymentRes.m in Sources */ = {isa = PBXBuildFile; fileRef = 37C9648B198F723E0021DC0B /* CTSProfilePaymentRes.m */; };
		37C964AC198F723E0021DC0B /* CTSProfilePrepaidRes.m in Sources */ = {isa = PBXBuildFile; fileRef = 37C9648D198F723E0021DC0B /* CTSProfilePrepaidRes.m */; };
		37C964AD198F723E0021DC0B /* GetProfileRes.m in Sources */ = {isa = PBXBuildFile; fileRef = 37C9648F198F723E0021DC0B /* GetProfileRes.m */; };
		37C964B2198F86960021DC0B /* CTSOauthTokenRes.m in Sources */ = {isa = PBXBuildFile; fileRef = 37C964AF198F86960021DC0B /* CTSOauthTokenRes.m */; };
		37C964B3198F86960021DC0B /* CTSSignUpRes.m in Sources */ = {isa = PBXBuildFile; fileRef = 37C964B1198F86960021DC0B /* CTSSignUpRes.m */; };
		37D6C213197D289300F357FD /* CTSOauthManager.m in Sources */ = {isa = PBXBuildFile; fileRef = 37D6C212197D289300F357FD /* CTSOauthManager.m */; };
		37E1F89A19C036EC00DC29AF /* CTSSignupState.m in Sources */ = {isa = PBXBuildFile; fileRef = 37E1F89919C036EC00DC29AF /* CTSSignupState.m */; };
		37E1F89B19C036EC00DC29AF /* CTSSignupState.m in Sources */ = {isa = PBXBuildFile; fileRef = 37E1F89919C036EC00DC29AF /* CTSSignupState.m */; };
		6BEDF371199382F500F97231 /* CTSPaymentLayer.m in Sources */ = {isa = PBXBuildFile; fileRef = 6BEDF36F199382F500F97231 /* CTSPaymentLayer.m */; };
		6BEDF4621993A50600F97231 /* HMACSignature.m in Sources */ = {isa = PBXBuildFile; fileRef = 6BEDF4611993A50600F97231 /* HMACSignature.m */; };
/* End PBXBuildFile section */

/* Begin PBXContainerItemProxy section */
		37A7C6C71922458F005D29D4 /* PBXContainerItemProxy */ = {
			isa = PBXContainerItemProxy;
			containerPortal = 37A7C6991922458F005D29D4 /* Project object */;
			proxyType = 1;
			remoteGlobalIDString = 37A7C6A01922458F005D29D4;
			remoteInfo = RestFulltester;
		};
/* End PBXContainerItemProxy section */

/* Begin PBXFileReference section */
		371536DE1994998200EDF560 /* CTSTokenizedPaymentToken.h */ = {isa = PBXFileReference; fileEncoding = 4; lastKnownFileType = sourcecode.c.h; path = CTSTokenizedPaymentToken.h; sourceTree = "<group>"; };
		371536DF1994998200EDF560 /* CTSTokenizedPaymentToken.m */ = {isa = PBXFileReference; fileEncoding = 4; lastKnownFileType = sourcecode.c.objc; path = CTSTokenizedPaymentToken.m; sourceTree = "<group>"; };
		371B5D19198A5CCF0096451C /* CTSRestCore.h */ = {isa = PBXFileReference; fileEncoding = 4; lastKnownFileType = sourcecode.c.h; path = CTSRestCore.h; sourceTree = "<group>"; };
		371B5D1A198A5CCF0096451C /* CTSRestCore.m */ = {isa = PBXFileReference; fileEncoding = 4; lastKnownFileType = sourcecode.c.objc; path = CTSRestCore.m; sourceTree = "<group>"; };
		371B5D1B198A5CCF0096451C /* CTSRestCoreConstants.h */ = {isa = PBXFileReference; fileEncoding = 4; lastKnownFileType = sourcecode.c.h; path = CTSRestCoreConstants.h; sourceTree = "<group>"; };
		371B5D1C198A5CCF0096451C /* CTSRestCoreRequest.h */ = {isa = PBXFileReference; fileEncoding = 4; lastKnownFileType = sourcecode.c.h; path = CTSRestCoreRequest.h; sourceTree = "<group>"; };
		371B5D1D198A5CCF0096451C /* CTSRestCoreRequest.m */ = {isa = PBXFileReference; fileEncoding = 4; lastKnownFileType = sourcecode.c.objc; path = CTSRestCoreRequest.m; sourceTree = "<group>"; };
		371B5D1E198A5CCF0096451C /* CTSRestCoreResponse.h */ = {isa = PBXFileReference; fileEncoding = 4; lastKnownFileType = sourcecode.c.h; path = CTSRestCoreResponse.h; sourceTree = "<group>"; };
		371B5D1F198A5CCF0096451C /* CTSRestCoreResponse.m */ = {isa = PBXFileReference; fileEncoding = 4; lastKnownFileType = sourcecode.c.objc; path = CTSRestCoreResponse.m; sourceTree = "<group>"; };
		371B5D20198A5CCF0096451C /* CTSRestObject.h */ = {isa = PBXFileReference; fileEncoding = 4; lastKnownFileType = sourcecode.c.h; path = CTSRestObject.h; sourceTree = "<group>"; };
		371B5D21198A5CCF0096451C /* CTSRestObject.m */ = {isa = PBXFileReference; fileEncoding = 4; lastKnownFileType = sourcecode.c.objc; path = CTSRestObject.m; sourceTree = "<group>"; };
		371B5D22198A5CCF0096451C /* CTSRestPluginBase.h */ = {isa = PBXFileReference; fileEncoding = 4; lastKnownFileType = sourcecode.c.h; path = CTSRestPluginBase.h; sourceTree = "<group>"; };
		371B5D23198A5CCF0096451C /* CTSRestPluginBase.m */ = {isa = PBXFileReference; fileEncoding = 4; lastKnownFileType = sourcecode.c.objc; path = CTSRestPluginBase.m; sourceTree = "<group>"; };
		371B5D2B198A5D110096451C /* JSONModel+CoreData.h */ = {isa = PBXFileReference; fileEncoding = 4; lastKnownFileType = sourcecode.c.h; path = "JSONModel+CoreData.h"; sourceTree = "<group>"; };
		371B5D2C198A5D110096451C /* JSONModel+CoreData.m */ = {isa = PBXFileReference; fileEncoding = 4; lastKnownFileType = sourcecode.c.objc; path = "JSONModel+CoreData.m"; sourceTree = "<group>"; };
		371B5D2D198A5D110096451C /* JSONModel.h */ = {isa = PBXFileReference; fileEncoding = 4; lastKnownFileType = sourcecode.c.h; path = JSONModel.h; sourceTree = "<group>"; };
		371B5D2E198A5D110096451C /* JSONModel.m */ = {isa = PBXFileReference; fileEncoding = 4; lastKnownFileType = sourcecode.c.objc; path = JSONModel.m; sourceTree = "<group>"; };
		371B5D2F198A5D110096451C /* JSONModelArray.h */ = {isa = PBXFileReference; fileEncoding = 4; lastKnownFileType = sourcecode.c.h; path = JSONModelArray.h; sourceTree = "<group>"; };
		371B5D30198A5D110096451C /* JSONModelArray.m */ = {isa = PBXFileReference; fileEncoding = 4; lastKnownFileType = sourcecode.c.objc; path = JSONModelArray.m; sourceTree = "<group>"; };
		371B5D31198A5D110096451C /* JSONModelClassProperty.h */ = {isa = PBXFileReference; fileEncoding = 4; lastKnownFileType = sourcecode.c.h; path = JSONModelClassProperty.h; sourceTree = "<group>"; };
		371B5D32198A5D110096451C /* JSONModelClassProperty.m */ = {isa = PBXFileReference; fileEncoding = 4; lastKnownFileType = sourcecode.c.objc; path = JSONModelClassProperty.m; sourceTree = "<group>"; };
		371B5D33198A5D110096451C /* JSONModelError.h */ = {isa = PBXFileReference; fileEncoding = 4; lastKnownFileType = sourcecode.c.h; path = JSONModelError.h; sourceTree = "<group>"; };
		371B5D34198A5D110096451C /* JSONModelError.m */ = {isa = PBXFileReference; fileEncoding = 4; lastKnownFileType = sourcecode.c.objc; path = JSONModelError.m; sourceTree = "<group>"; };
		371B5D36198A5D110096451C /* NSArray+JSONModel.h */ = {isa = PBXFileReference; fileEncoding = 4; lastKnownFileType = sourcecode.c.h; path = "NSArray+JSONModel.h"; sourceTree = "<group>"; };
		371B5D37198A5D110096451C /* NSArray+JSONModel.m */ = {isa = PBXFileReference; fileEncoding = 4; lastKnownFileType = sourcecode.c.objc; path = "NSArray+JSONModel.m"; sourceTree = "<group>"; };
		371B5D38198A5D110096451C /* JSONModelLib.h */ = {isa = PBXFileReference; fileEncoding = 4; lastKnownFileType = sourcecode.c.h; path = JSONModelLib.h; sourceTree = "<group>"; };
		371B5D50198A5D770096451C /* CTSRestError.h */ = {isa = PBXFileReference; fileEncoding = 4; lastKnownFileType = sourcecode.c.h; path = CTSRestError.h; sourceTree = "<group>"; };
		371B5D51198A5D770096451C /* CTSRestError.m */ = {isa = PBXFileReference; fileEncoding = 4; lastKnownFileType = sourcecode.c.objc; path = CTSRestError.m; sourceTree = "<group>"; };
		371C5FD0199B43D600522AD7 /* MerchantConstants.h */ = {isa = PBXFileReference; lastKnownFileType = sourcecode.c.h; path = MerchantConstants.h; sourceTree = "<group>"; };
		3723D1571948371B00C50FA5 /* TestParams.h */ = {isa = PBXFileReference; fileEncoding = 4; lastKnownFileType = sourcecode.c.h; path = TestParams.h; sourceTree = "<group>"; };
		3733269119B860190084D52D /* JSONKeyMapper.h */ = {isa = PBXFileReference; fileEncoding = 4; lastKnownFileType = sourcecode.c.h; path = JSONKeyMapper.h; sourceTree = "<group>"; };
		3733269219B860190084D52D /* JSONKeyMapper.m */ = {isa = PBXFileReference; fileEncoding = 4; lastKnownFileType = sourcecode.c.objc; path = JSONKeyMapper.m; sourceTree = "<group>"; };
		3733269319B860190084D52D /* JSONValueTransformer.h */ = {isa = PBXFileReference; fileEncoding = 4; lastKnownFileType = sourcecode.c.h; path = JSONValueTransformer.h; sourceTree = "<group>"; };
		3733269419B860190084D52D /* JSONValueTransformer.m */ = {isa = PBXFileReference; fileEncoding = 4; lastKnownFileType = sourcecode.c.objc; path = JSONValueTransformer.m; sourceTree = "<group>"; };
		375F30F2195BF24500F86149 /* .gitignore */ = {isa = PBXFileReference; fileEncoding = 4; lastKnownFileType = text; path = .gitignore; sourceTree = "<group>"; };
		376E4EC719B5A13F00739B00 /* ServerSignature.h */ = {isa = PBXFileReference; fileEncoding = 4; lastKnownFileType = sourcecode.c.h; path = ServerSignature.h; sourceTree = "<group>"; };
		376E4EC819B5A13F00739B00 /* ServerSignature.m */ = {isa = PBXFileReference; fileEncoding = 4; lastKnownFileType = sourcecode.c.objc; path = ServerSignature.m; sourceTree = "<group>"; };
		37851B481978F2DD00AE3AD0 /* CTSRestRegister.h */ = {isa = PBXFileReference; fileEncoding = 4; lastKnownFileType = sourcecode.c.h; path = CTSRestRegister.h; sourceTree = "<group>"; };
		37851B491978F2DD00AE3AD0 /* CTSRestRegister.m */ = {isa = PBXFileReference; fileEncoding = 4; lastKnownFileType = sourcecode.c.objc; path = CTSRestRegister.m; sourceTree = "<group>"; };
		37851B4A1978F2DD00AE3AD0 /* CTSTypeToParameterMapping.h */ = {isa = PBXFileReference; fileEncoding = 4; lastKnownFileType = sourcecode.c.h; path = CTSTypeToParameterMapping.h; sourceTree = "<group>"; };
		37851B4B1978F2DD00AE3AD0 /* CTSTypeToParameterMapping.m */ = {isa = PBXFileReference; fileEncoding = 4; lastKnownFileType = sourcecode.c.objc; path = CTSTypeToParameterMapping.m; sourceTree = "<group>"; };
		37851B911978F2DD00AE3AD0 /* CTSAuthLayer.h */ = {isa = PBXFileReference; fileEncoding = 4; lastKnownFileType = sourcecode.c.h; path = CTSAuthLayer.h; sourceTree = "<group>"; };
		37851B921978F2DD00AE3AD0 /* CTSAuthLayer.m */ = {isa = PBXFileReference; fileEncoding = 4; lastKnownFileType = sourcecode.c.objc; path = CTSAuthLayer.m; sourceTree = "<group>"; };
		37851B931978F2DD00AE3AD0 /* CTSAuthLayerConstants.h */ = {isa = PBXFileReference; fileEncoding = 4; lastKnownFileType = sourcecode.c.h; path = CTSAuthLayerConstants.h; sourceTree = "<group>"; };
		37851B951978F2DD00AE3AD0 /* CTSError.h */ = {isa = PBXFileReference; fileEncoding = 4; lastKnownFileType = sourcecode.c.h; path = CTSError.h; sourceTree = "<group>"; };
		37851B961978F2DD00AE3AD0 /* CTSError.m */ = {isa = PBXFileReference; fileEncoding = 4; lastKnownFileType = sourcecode.c.objc; path = CTSError.m; sourceTree = "<group>"; };
		37851B981978F2DD00AE3AD0 /* CTSObject.h */ = {isa = PBXFileReference; fileEncoding = 4; lastKnownFileType = sourcecode.c.h; path = CTSObject.h; sourceTree = "<group>"; };
		37851B991978F2DD00AE3AD0 /* CTSObject.m */ = {isa = PBXFileReference; fileEncoding = 4; lastKnownFileType = sourcecode.c.objc; path = CTSObject.m; sourceTree = "<group>"; };
		37851B9C1978F2DD00AE3AD0 /* CTSUtility.h */ = {isa = PBXFileReference; fileEncoding = 4; lastKnownFileType = sourcecode.c.h; path = CTSUtility.h; sourceTree = "<group>"; };
		37851B9D1978F2DD00AE3AD0 /* CTSUtility.m */ = {isa = PBXFileReference; fileEncoding = 4; lastKnownFileType = sourcecode.c.objc; path = CTSUtility.m; sourceTree = "<group>"; };
		37851BA31978F2DD00AE3AD0 /* CreditCard-Validator.h */ = {isa = PBXFileReference; fileEncoding = 4; lastKnownFileType = sourcecode.c.h; path = "CreditCard-Validator.h"; sourceTree = "<group>"; };
		37851BA41978F2DD00AE3AD0 /* CreditCard-Validator.m */ = {isa = PBXFileReference; fileEncoding = 4; lastKnownFileType = sourcecode.c.objc; path = "CreditCard-Validator.m"; sourceTree = "<group>"; };
		37851BA61978F2DD00AE3AD0 /* NSObject+logProperties.h */ = {isa = PBXFileReference; fileEncoding = 4; lastKnownFileType = sourcecode.c.h; path = "NSObject+logProperties.h"; sourceTree = "<group>"; };
		37851BA71978F2DD00AE3AD0 /* NSObject+logProperties.m */ = {isa = PBXFileReference; fileEncoding = 4; lastKnownFileType = sourcecode.c.objc; path = "NSObject+logProperties.m"; sourceTree = "<group>"; };
		37A7C6A11922458F005D29D4 /* CTS iOS Sdk.app */ = {isa = PBXFileReference; explicitFileType = wrapper.application; includeInIndex = 0; path = "CTS iOS Sdk.app"; sourceTree = BUILT_PRODUCTS_DIR; };
		37A7C6A41922458F005D29D4 /* Foundation.framework */ = {isa = PBXFileReference; lastKnownFileType = wrapper.framework; name = Foundation.framework; path = System/Library/Frameworks/Foundation.framework; sourceTree = SDKROOT; };
		37A7C6A61922458F005D29D4 /* CoreGraphics.framework */ = {isa = PBXFileReference; lastKnownFileType = wrapper.framework; name = CoreGraphics.framework; path = System/Library/Frameworks/CoreGraphics.framework; sourceTree = SDKROOT; };
		37A7C6A81922458F005D29D4 /* UIKit.framework */ = {isa = PBXFileReference; lastKnownFileType = wrapper.framework; name = UIKit.framework; path = System/Library/Frameworks/UIKit.framework; sourceTree = SDKROOT; };
		37A7C6AC1922458F005D29D4 /* CTS iOS Sdk-Info.plist */ = {isa = PBXFileReference; lastKnownFileType = text.plist.xml; path = "CTS iOS Sdk-Info.plist"; sourceTree = "<group>"; };
		37A7C6AE1922458F005D29D4 /* en */ = {isa = PBXFileReference; lastKnownFileType = text.plist.strings; name = en; path = en.lproj/InfoPlist.strings; sourceTree = "<group>"; };
		37A7C6B01922458F005D29D4 /* main.m */ = {isa = PBXFileReference; lastKnownFileType = sourcecode.c.objc; path = main.m; sourceTree = "<group>"; };
		37A7C6B21922458F005D29D4 /* CTS iOS Sdk-Prefix.pch */ = {isa = PBXFileReference; lastKnownFileType = sourcecode.c.h; path = "CTS iOS Sdk-Prefix.pch"; sourceTree = "<group>"; };
		37A7C6B31922458F005D29D4 /* AppDelegate.h */ = {isa = PBXFileReference; lastKnownFileType = sourcecode.c.h; path = AppDelegate.h; sourceTree = "<group>"; };
		37A7C6B41922458F005D29D4 /* AppDelegate.m */ = {isa = PBXFileReference; lastKnownFileType = sourcecode.c.objc; path = AppDelegate.m; sourceTree = "<group>"; };
		37A7C6B71922458F005D29D4 /* Base */ = {isa = PBXFileReference; lastKnownFileType = file.storyboard; name = Base; path = Base.lproj/Main.storyboard; sourceTree = "<group>"; };
		37A7C6B91922458F005D29D4 /* ViewController.h */ = {isa = PBXFileReference; lastKnownFileType = sourcecode.c.h; path = ViewController.h; sourceTree = "<group>"; };
		37A7C6BA1922458F005D29D4 /* ViewController.m */ = {isa = PBXFileReference; lastKnownFileType = sourcecode.c.objc; path = ViewController.m; sourceTree = "<group>"; };
		37A7C6BC1922458F005D29D4 /* Images.xcassets */ = {isa = PBXFileReference; lastKnownFileType = folder.assetcatalog; path = Images.xcassets; sourceTree = "<group>"; };
		37A7C6C21922458F005D29D4 /* CTS iOS SdkTests.xctest */ = {isa = PBXFileReference; explicitFileType = wrapper.cfbundle; includeInIndex = 0; path = "CTS iOS SdkTests.xctest"; sourceTree = BUILT_PRODUCTS_DIR; };
		37A7C6C31922458F005D29D4 /* XCTest.framework */ = {isa = PBXFileReference; lastKnownFileType = wrapper.framework; name = XCTest.framework; path = Library/Frameworks/XCTest.framework; sourceTree = DEVELOPER_DIR; };
		37A7C6CB1922458F005D29D4 /* CTS iOS SdkTests-Info.plist */ = {isa = PBXFileReference; lastKnownFileType = text.plist.xml; path = "CTS iOS SdkTests-Info.plist"; sourceTree = "<group>"; };
		37A7C6CD1922458F005D29D4 /* en */ = {isa = PBXFileReference; lastKnownFileType = text.plist.strings; name = en; path = en.lproj/InfoPlist.strings; sourceTree = "<group>"; };
		37A7C6CF1922458F005D29D4 /* RestFulltesterTests.m */ = {isa = PBXFileReference; lastKnownFileType = sourcecode.c.objc; path = RestFulltesterTests.m; sourceTree = "<group>"; };
		37A7C6DA19224B0E005D29D4 /* Networking.h */ = {isa = PBXFileReference; fileEncoding = 4; lastKnownFileType = sourcecode.c.h; path = Networking.h; sourceTree = "<group>"; };
		37A7C6DB19224B64005D29D4 /* Networking.m */ = {isa = PBXFileReference; fileEncoding = 4; lastKnownFileType = sourcecode.c.objc; path = Networking.m; sourceTree = "<group>"; };
		37B74D7E199CAD7D00D7CC2C /* OauthStatus.h */ = {isa = PBXFileReference; fileEncoding = 4; lastKnownFileType = sourcecode.c.h; path = OauthStatus.h; sourceTree = "<group>"; };
		37B74D7F199CAD7D00D7CC2C /* OauthStatus.m */ = {isa = PBXFileReference; fileEncoding = 4; lastKnownFileType = sourcecode.c.objc; path = OauthStatus.m; sourceTree = "<group>"; };
		37C00CDB19935DF40057DB32 /* CitrusSdk.h */ = {isa = PBXFileReference; lastKnownFileType = sourcecode.c.h; path = CitrusSdk.h; sourceTree = "<group>"; };
		37C96444198F6B350021DC0B /* CTSProfileLayer.h */ = {isa = PBXFileReference; fileEncoding = 4; lastKnownFileType = sourcecode.c.h; path = CTSProfileLayer.h; sourceTree = "<group>"; };
		37C96445198F6B350021DC0B /* CTSProfileLayer.m */ = {isa = PBXFileReference; fileEncoding = 4; lastKnownFileType = sourcecode.c.objc; path = CTSProfileLayer.m; sourceTree = "<group>"; };
		37C96446198F6B350021DC0B /* CTSProfileLayerConstants.h */ = {isa = PBXFileReference; fileEncoding = 4; lastKnownFileType = sourcecode.c.h; path = CTSProfileLayerConstants.h; sourceTree = "<group>"; };
		37C9644F198F723E0021DC0B /* CTSAmount.h */ = {isa = PBXFileReference; fileEncoding = 4; lastKnownFileType = sourcecode.c.h; path = CTSAmount.h; sourceTree = "<group>"; };
		37C96450198F723E0021DC0B /* CTSAmount.m */ = {isa = PBXFileReference; fileEncoding = 4; lastKnownFileType = sourcecode.c.objc; path = CTSAmount.m; sourceTree = "<group>"; };
		37C96451198F723E0021DC0B /* CTSGuestCheckout.h */ = {isa = PBXFileReference; fileEncoding = 4; lastKnownFileType = sourcecode.c.h; path = CTSGuestCheckout.h; sourceTree = "<group>"; };
		37C96452198F723E0021DC0B /* CTSGuestCheckout.m */ = {isa = PBXFileReference; fileEncoding = 4; lastKnownFileType = sourcecode.c.objc; path = CTSGuestCheckout.m; sourceTree = "<group>"; };
		37C96453198F723E0021DC0B /* CTSPaymentMode.h */ = {isa = PBXFileReference; fileEncoding = 4; lastKnownFileType = sourcecode.c.h; path = CTSPaymentMode.h; sourceTree = "<group>"; };
		37C96454198F723E0021DC0B /* CTSPaymentMode.m */ = {isa = PBXFileReference; fileEncoding = 4; lastKnownFileType = sourcecode.c.objc; path = CTSPaymentMode.m; sourceTree = "<group>"; };
		37C96455198F723E0021DC0B /* CTSPaymentNetbankingRequest.h */ = {isa = PBXFileReference; fileEncoding = 4; lastKnownFileType = sourcecode.c.h; path = CTSPaymentNetbankingRequest.h; sourceTree = "<group>"; };
		37C96456198F723E0021DC0B /* CTSPaymentNetbankingRequest.m */ = {isa = PBXFileReference; fileEncoding = 4; lastKnownFileType = sourcecode.c.objc; path = CTSPaymentNetbankingRequest.m; sourceTree = "<group>"; };
		37C96457198F723E0021DC0B /* CTSPaymentRequest.h */ = {isa = PBXFileReference; fileEncoding = 4; lastKnownFileType = sourcecode.c.h; path = CTSPaymentRequest.h; sourceTree = "<group>"; };
		37C96458198F723E0021DC0B /* CTSPaymentRequest.m */ = {isa = PBXFileReference; fileEncoding = 4; lastKnownFileType = sourcecode.c.objc; path = CTSPaymentRequest.m; sourceTree = "<group>"; };
		37C96459198F723E0021DC0B /* CTSPaymentToken.h */ = {isa = PBXFileReference; fileEncoding = 4; lastKnownFileType = sourcecode.c.h; path = CTSPaymentToken.h; sourceTree = "<group>"; };
		37C9645A198F723E0021DC0B /* CTSPaymentToken.m */ = {isa = PBXFileReference; fileEncoding = 4; lastKnownFileType = sourcecode.c.objc; path = CTSPaymentToken.m; sourceTree = "<group>"; };
		37C9645B198F723E0021DC0B /* CTSPaymentUpdate.h */ = {isa = PBXFileReference; fileEncoding = 4; lastKnownFileType = sourcecode.c.h; path = CTSPaymentUpdate.h; sourceTree = "<group>"; };
		37C9645C198F723E0021DC0B /* CTSPaymentUpdate.m */ = {isa = PBXFileReference; fileEncoding = 4; lastKnownFileType = sourcecode.c.objc; path = CTSPaymentUpdate.m; sourceTree = "<group>"; };
		37C9645D198F723E0021DC0B /* CTSTokenizedCardPayment.h */ = {isa = PBXFileReference; fileEncoding = 4; lastKnownFileType = sourcecode.c.h; path = CTSTokenizedCardPayment.h; sourceTree = "<group>"; };
		37C9645E198F723E0021DC0B /* CTSTokenizedCardPayment.m */ = {isa = PBXFileReference; fileEncoding = 4; lastKnownFileType = sourcecode.c.objc; path = CTSTokenizedCardPayment.m; sourceTree = "<group>"; };
		37C9645F198F723E0021DC0B /* CTSUserAddress.h */ = {isa = PBXFileReference; fileEncoding = 4; lastKnownFileType = sourcecode.c.h; path = CTSUserAddress.h; sourceTree = "<group>"; };
		37C96460198F723E0021DC0B /* CTSUserAddress.m */ = {isa = PBXFileReference; fileEncoding = 4; lastKnownFileType = sourcecode.c.objc; path = CTSUserAddress.m; sourceTree = "<group>"; };
		37C96461198F723E0021DC0B /* CTSUserDetails.h */ = {isa = PBXFileReference; fileEncoding = 4; lastKnownFileType = sourcecode.c.h; path = CTSUserDetails.h; sourceTree = "<group>"; };
		37C96462198F723E0021DC0B /* CTSUserDetails.m */ = {isa = PBXFileReference; fileEncoding = 4; lastKnownFileType = sourcecode.c.objc; path = CTSUserDetails.m; sourceTree = "<group>"; };
		37C96466198F723E0021DC0B /* CTSContactUpdate.h */ = {isa = PBXFileReference; fileEncoding = 4; lastKnownFileType = sourcecode.c.h; path = CTSContactUpdate.h; sourceTree = "<group>"; };
		37C96467198F723E0021DC0B /* CTSContactUpdate.m */ = {isa = PBXFileReference; fileEncoding = 4; lastKnownFileType = sourcecode.c.objc; path = CTSContactUpdate.m; sourceTree = "<group>"; };
		37C96468198F723E0021DC0B /* CTSElectronicCardUpdate.h */ = {isa = PBXFileReference; fileEncoding = 4; lastKnownFileType = sourcecode.c.h; path = CTSElectronicCardUpdate.h; sourceTree = "<group>"; };
		37C96469198F723E0021DC0B /* CTSElectronicCardUpdate.m */ = {isa = PBXFileReference; fileEncoding = 4; lastKnownFileType = sourcecode.c.objc; path = CTSElectronicCardUpdate.m; sourceTree = "<group>"; };
		37C9646A198F723E0021DC0B /* CTSNetBankingUpdate.h */ = {isa = PBXFileReference; fileEncoding = 4; lastKnownFileType = sourcecode.c.h; path = CTSNetBankingUpdate.h; sourceTree = "<group>"; };
		37C9646B198F723E0021DC0B /* CTSNetBankingUpdate.m */ = {isa = PBXFileReference; fileEncoding = 4; lastKnownFileType = sourcecode.c.objc; path = CTSNetBankingUpdate.m; sourceTree = "<group>"; };
		37C9646C198F723E0021DC0B /* CTSPaymentDetailUpdate.h */ = {isa = PBXFileReference; fileEncoding = 4; lastKnownFileType = sourcecode.c.h; path = CTSPaymentDetailUpdate.h; sourceTree = "<group>"; };
		37C9646D198F723E0021DC0B /* CTSPaymentDetailUpdate.m */ = {isa = PBXFileReference; fileEncoding = 4; lastKnownFileType = sourcecode.c.objc; path = CTSPaymentDetailUpdate.m; sourceTree = "<group>"; };
		37C9646E198F723E0021DC0B /* CTSPaymentOption.h */ = {isa = PBXFileReference; fileEncoding = 4; lastKnownFileType = sourcecode.c.h; path = CTSPaymentOption.h; sourceTree = "<group>"; };
		37C9646F198F723E0021DC0B /* CTSPaymentOption.m */ = {isa = PBXFileReference; fileEncoding = 4; lastKnownFileType = sourcecode.c.objc; path = CTSPaymentOption.m; sourceTree = "<group>"; };
		37C96470198F723E0021DC0B /* CTSPrepaidUpdate.h */ = {isa = PBXFileReference; fileEncoding = 4; lastKnownFileType = sourcecode.c.h; path = CTSPrepaidUpdate.h; sourceTree = "<group>"; };
		37C96471198F723E0021DC0B /* CTSPrepaidUpdate.m */ = {isa = PBXFileReference; fileEncoding = 4; lastKnownFileType = sourcecode.c.objc; path = CTSPrepaidUpdate.m; sourceTree = "<group>"; };
		37C96472198F723E0021DC0B /* CTSTokenizedPayment.h */ = {isa = PBXFileReference; fileEncoding = 4; lastKnownFileType = sourcecode.c.h; path = CTSTokenizedPayment.h; sourceTree = "<group>"; };
		37C96473198F723E0021DC0B /* CTSTokenizedPayment.m */ = {isa = PBXFileReference; fileEncoding = 4; lastKnownFileType = sourcecode.c.objc; path = CTSTokenizedPayment.m; sourceTree = "<group>"; };
		37C9647B198F723E0021DC0B /* CTSCreditCardOption.h */ = {isa = PBXFileReference; fileEncoding = 4; lastKnownFileType = sourcecode.c.h; path = CTSCreditCardOption.h; sourceTree = "<group>"; };
		37C9647C198F723E0021DC0B /* CTSCreditCardOption.m */ = {isa = PBXFileReference; fileEncoding = 4; lastKnownFileType = sourcecode.c.objc; path = CTSCreditCardOption.m; sourceTree = "<group>"; };
		37C9647D198F723E0021DC0B /* CTSDebitCardOption.h */ = {isa = PBXFileReference; fileEncoding = 4; lastKnownFileType = sourcecode.c.h; path = CTSDebitCardOption.h; sourceTree = "<group>"; };
		37C9647E198F723E0021DC0B /* CTSDebitCardOption.m */ = {isa = PBXFileReference; fileEncoding = 4; lastKnownFileType = sourcecode.c.objc; path = CTSDebitCardOption.m; sourceTree = "<group>"; };
		37C9647F198F723E0021DC0B /* CTSNetbankingOption.h */ = {isa = PBXFileReference; fileEncoding = 4; lastKnownFileType = sourcecode.c.h; path = CTSNetbankingOption.h; sourceTree = "<group>"; };
		37C96480198F723E0021DC0B /* CTSNetbankingOption.m */ = {isa = PBXFileReference; fileEncoding = 4; lastKnownFileType = sourcecode.c.objc; path = CTSNetbankingOption.m; sourceTree = "<group>"; };
		37C96481198F723E0021DC0B /* CTSPaymentRes.h */ = {isa = PBXFileReference; fileEncoding = 4; lastKnownFileType = sourcecode.c.h; path = CTSPaymentRes.h; sourceTree = "<group>"; };
		37C96482198F723E0021DC0B /* CTSPaymentRes.m */ = {isa = PBXFileReference; fileEncoding = 4; lastKnownFileType = sourcecode.c.objc; path = CTSPaymentRes.m; sourceTree = "<group>"; };
		37C96483198F723E0021DC0B /* CTSPaymentTransactionRes.h */ = {isa = PBXFileReference; fileEncoding = 4; lastKnownFileType = sourcecode.c.h; path = CTSPaymentTransactionRes.h; sourceTree = "<group>"; };
		37C96484198F723E0021DC0B /* CTSPaymentTransactionRes.m */ = {isa = PBXFileReference; fileEncoding = 4; lastKnownFileType = sourcecode.c.objc; path = CTSPaymentTransactionRes.m; sourceTree = "<group>"; };
		37C96485198F723E0021DC0B /* CTSPgSettings.h */ = {isa = PBXFileReference; fileEncoding = 4; lastKnownFileType = sourcecode.c.h; path = CTSPgSettings.h; sourceTree = "<group>"; };
		37C96486198F723E0021DC0B /* CTSPgSettings.m */ = {isa = PBXFileReference; fileEncoding = 4; lastKnownFileType = sourcecode.c.objc; path = CTSPgSettings.m; sourceTree = "<group>"; };
		37C96488198F723E0021DC0B /* CTSProfileContactRes.h */ = {isa = PBXFileReference; fileEncoding = 4; lastKnownFileType = sourcecode.c.h; path = CTSProfileContactRes.h; sourceTree = "<group>"; };
		37C96489198F723E0021DC0B /* CTSProfileContactRes.m */ = {isa = PBXFileReference; fileEncoding = 4; lastKnownFileType = sourcecode.c.objc; path = CTSProfileContactRes.m; sourceTree = "<group>"; };
		37C9648A198F723E0021DC0B /* CTSProfilePaymentRes.h */ = {isa = PBXFileReference; fileEncoding = 4; lastKnownFileType = sourcecode.c.h; path = CTSProfilePaymentRes.h; sourceTree = "<group>"; };
		37C9648B198F723E0021DC0B /* CTSProfilePaymentRes.m */ = {isa = PBXFileReference; fileEncoding = 4; lastKnownFileType = sourcecode.c.objc; path = CTSProfilePaymentRes.m; sourceTree = "<group>"; };
		37C9648C198F723E0021DC0B /* CTSProfilePrepaidRes.h */ = {isa = PBXFileReference; fileEncoding = 4; lastKnownFileType = sourcecode.c.h; path = CTSProfilePrepaidRes.h; sourceTree = "<group>"; };
		37C9648D198F723E0021DC0B /* CTSProfilePrepaidRes.m */ = {isa = PBXFileReference; fileEncoding = 4; lastKnownFileType = sourcecode.c.objc; path = CTSProfilePrepaidRes.m; sourceTree = "<group>"; };
		37C9648E198F723E0021DC0B /* GetProfileRes.h */ = {isa = PBXFileReference; fileEncoding = 4; lastKnownFileType = sourcecode.c.h; path = GetProfileRes.h; sourceTree = "<group>"; };
		37C9648F198F723E0021DC0B /* GetProfileRes.m */ = {isa = PBXFileReference; fileEncoding = 4; lastKnownFileType = sourcecode.c.objc; path = GetProfileRes.m; sourceTree = "<group>"; };
		37C964AE198F86960021DC0B /* CTSOauthTokenRes.h */ = {isa = PBXFileReference; fileEncoding = 4; lastKnownFileType = sourcecode.c.h; path = CTSOauthTokenRes.h; sourceTree = "<group>"; };
		37C964AF198F86960021DC0B /* CTSOauthTokenRes.m */ = {isa = PBXFileReference; fileEncoding = 4; lastKnownFileType = sourcecode.c.objc; path = CTSOauthTokenRes.m; sourceTree = "<group>"; };
		37C964B0198F86960021DC0B /* CTSSignUpRes.h */ = {isa = PBXFileReference; fileEncoding = 4; lastKnownFileType = sourcecode.c.h; path = CTSSignUpRes.h; sourceTree = "<group>"; };
		37C964B1198F86960021DC0B /* CTSSignUpRes.m */ = {isa = PBXFileReference; fileEncoding = 4; lastKnownFileType = sourcecode.c.objc; path = CTSSignUpRes.m; sourceTree = "<group>"; };
		37D6C210197CF8BD00F357FD /* CTSCoreProtocol.h */ = {isa = PBXFileReference; fileEncoding = 4; lastKnownFileType = sourcecode.c.h; path = CTSCoreProtocol.h; sourceTree = "<group>"; };
		37D6C211197D289300F357FD /* CTSOauthManager.h */ = {isa = PBXFileReference; fileEncoding = 4; lastKnownFileType = sourcecode.c.h; path = CTSOauthManager.h; sourceTree = "<group>"; };
		37D6C212197D289300F357FD /* CTSOauthManager.m */ = {isa = PBXFileReference; fileEncoding = 4; lastKnownFileType = sourcecode.c.objc; path = CTSOauthManager.m; sourceTree = "<group>"; };
		37E1F89819C036EC00DC29AF /* CTSSignupState.h */ = {isa = PBXFileReference; fileEncoding = 4; lastKnownFileType = sourcecode.c.h; path = CTSSignupState.h; sourceTree = "<group>"; };
		37E1F89919C036EC00DC29AF /* CTSSignupState.m */ = {isa = PBXFileReference; fileEncoding = 4; lastKnownFileType = sourcecode.c.objc; path = CTSSignupState.m; sourceTree = "<group>"; };
		37F83B15198B73E20023998D /* UserLogging.h */ = {isa = PBXFileReference; lastKnownFileType = sourcecode.c.h; path = UserLogging.h; sourceTree = "<group>"; };
		37F83B16198BA13D0023998D /* RestLayerConstants.h */ = {isa = PBXFileReference; lastKnownFileType = sourcecode.c.h; path = RestLayerConstants.h; sourceTree = "<group>"; };
		6BEDF36E199382F500F97231 /* CTSPaymentLayer.h */ = {isa = PBXFileReference; fileEncoding = 4; lastKnownFileType = sourcecode.c.h; path = CTSPaymentLayer.h; sourceTree = "<group>"; };
		6BEDF36F199382F500F97231 /* CTSPaymentLayer.m */ = {isa = PBXFileReference; fileEncoding = 4; lastKnownFileType = sourcecode.c.objc; path = CTSPaymentLayer.m; sourceTree = "<group>"; };
		6BEDF370199382F500F97231 /* CTSPaymentLayerConstants.h */ = {isa = PBXFileReference; fileEncoding = 4; lastKnownFileType = sourcecode.c.h; path = CTSPaymentLayerConstants.h; sourceTree = "<group>"; };
		6BEDF4601993A50600F97231 /* HMACSignature.h */ = {isa = PBXFileReference; fileEncoding = 4; lastKnownFileType = sourcecode.c.h; path = HMACSignature.h; sourceTree = "<group>"; };
		6BEDF4611993A50600F97231 /* HMACSignature.m */ = {isa = PBXFileReference; fileEncoding = 4; lastKnownFileType = sourcecode.c.objc; path = HMACSignature.m; sourceTree = "<group>"; };
/* End PBXFileReference section */

/* Begin PBXFrameworksBuildPhase section */
		37A7C69E1922458F005D29D4 /* Frameworks */ = {
			isa = PBXFrameworksBuildPhase;
			buildActionMask = 2147483647;
			files = (
				37A7C6A71922458F005D29D4 /* CoreGraphics.framework in Frameworks */,
				37A7C6A91922458F005D29D4 /* UIKit.framework in Frameworks */,
				37A7C6A51922458F005D29D4 /* Foundation.framework in Frameworks */,
			);
			runOnlyForDeploymentPostprocessing = 0;
		};
		37A7C6BF1922458F005D29D4 /* Frameworks */ = {
			isa = PBXFrameworksBuildPhase;
			buildActionMask = 2147483647;
			files = (
				37A7C6C41922458F005D29D4 /* XCTest.framework in Frameworks */,
				37A7C6C61922458F005D29D4 /* UIKit.framework in Frameworks */,
				37A7C6C51922458F005D29D4 /* Foundation.framework in Frameworks */,
			);
			runOnlyForDeploymentPostprocessing = 0;
		};
/* End PBXFrameworksBuildPhase section */

/* Begin PBXGroup section */
		371B5D18198A5CCF0096451C /* CTSRestKitCode */ = {
			isa = PBXGroup;
			children = (
				371B5D19198A5CCF0096451C /* CTSRestCore.h */,
				371B5D1A198A5CCF0096451C /* CTSRestCore.m */,
				371B5D1B198A5CCF0096451C /* CTSRestCoreConstants.h */,
				371B5D1C198A5CCF0096451C /* CTSRestCoreRequest.h */,
				371B5D1D198A5CCF0096451C /* CTSRestCoreRequest.m */,
				371B5D1E198A5CCF0096451C /* CTSRestCoreResponse.h */,
				371B5D1F198A5CCF0096451C /* CTSRestCoreResponse.m */,
				371B5D20198A5CCF0096451C /* CTSRestObject.h */,
				371B5D21198A5CCF0096451C /* CTSRestObject.m */,
				371B5D22198A5CCF0096451C /* CTSRestPluginBase.h */,
				371B5D23198A5CCF0096451C /* CTSRestPluginBase.m */,
			);
			path = CTSRestKitCode;
			sourceTree = "<group>";
		};
		371B5D29198A5D110096451C /* JSONModel */ = {
			isa = PBXGroup;
			children = (
				3733269019B860190084D52D /* JSONModelTransformations */,
				371B5D2A198A5D110096451C /* JSONModel */,
				371B5D35198A5D110096451C /* JSONModelCategories */,
				371B5D38198A5D110096451C /* JSONModelLib.h */,
			);
			path = JSONModel;
			sourceTree = "<group>";
		};
		371B5D2A198A5D110096451C /* JSONModel */ = {
			isa = PBXGroup;
			children = (
				371B5D2B198A5D110096451C /* JSONModel+CoreData.h */,
				371B5D2C198A5D110096451C /* JSONModel+CoreData.m */,
				371B5D2D198A5D110096451C /* JSONModel.h */,
				371B5D2E198A5D110096451C /* JSONModel.m */,
				371B5D2F198A5D110096451C /* JSONModelArray.h */,
				371B5D30198A5D110096451C /* JSONModelArray.m */,
				371B5D31198A5D110096451C /* JSONModelClassProperty.h */,
				371B5D32198A5D110096451C /* JSONModelClassProperty.m */,
				371B5D33198A5D110096451C /* JSONModelError.h */,
				371B5D34198A5D110096451C /* JSONModelError.m */,
			);
			path = JSONModel;
			sourceTree = "<group>";
		};
		371B5D35198A5D110096451C /* JSONModelCategories */ = {
			isa = PBXGroup;
			children = (
				371B5D36198A5D110096451C /* NSArray+JSONModel.h */,
				371B5D37198A5D110096451C /* NSArray+JSONModel.m */,
			);
			path = JSONModelCategories;
			sourceTree = "<group>";
		};
		3733269019B860190084D52D /* JSONModelTransformations */ = {
			isa = PBXGroup;
			children = (
				3733269119B860190084D52D /* JSONKeyMapper.h */,
				3733269219B860190084D52D /* JSONKeyMapper.m */,
				3733269319B860190084D52D /* JSONValueTransformer.h */,
				3733269419B860190084D52D /* JSONValueTransformer.m */,
			);
			path = JSONModelTransformations;
			sourceTree = "<group>";
		};
		37851B421978F2DD00AE3AD0 /* CitrusDevKit */ = {
			isa = PBXGroup;
			children = (
				37851B431978F2DD00AE3AD0 /* Data */,
				37851B8F1978F2DD00AE3AD0 /* ModelLayers */,
				37C00CDB19935DF40057DB32 /* CitrusSdk.h */,
				371C5FD0199B43D600522AD7 /* MerchantConstants.h */,
			);
			path = CitrusDevKit;
			sourceTree = "<group>";
		};
		37851B431978F2DD00AE3AD0 /* Data */ = {
			isa = PBXGroup;
			children = (
				37E1F89719C036EC00DC29AF /* dto */,
				37C9644D198F723E0021DC0B /* RequestObjects */,
				37C96474198F723E0021DC0B /* ResponseObjects */,
				371B5D50198A5D770096451C /* CTSRestError.h */,
				371B5D51198A5D770096451C /* CTSRestError.m */,
				37851B481978F2DD00AE3AD0 /* CTSRestRegister.h */,
				37851B491978F2DD00AE3AD0 /* CTSRestRegister.m */,
				37851B4A1978F2DD00AE3AD0 /* CTSTypeToParameterMapping.h */,
				37851B4B1978F2DD00AE3AD0 /* CTSTypeToParameterMapping.m */,
			);
			path = Data;
			sourceTree = "<group>";
		};
		37851B8F1978F2DD00AE3AD0 /* ModelLayers */ = {
			isa = PBXGroup;
			children = (
				6BEDF36D199382F500F97231 /* Payment */,
				37C96443198F6B350021DC0B /* UserProfile */,
				371B5D18198A5CCF0096451C /* CTSRestKitCode */,
				37851B901978F2DD00AE3AD0 /* Authentication */,
				37851B941978F2DD00AE3AD0 /* CitrusError */,
				37851B971978F2DD00AE3AD0 /* Core */,
				37851BA21978F2DD00AE3AD0 /* External */,
				37851BA61978F2DD00AE3AD0 /* NSObject+logProperties.h */,
				37851BA71978F2DD00AE3AD0 /* NSObject+logProperties.m */,
			);
			path = ModelLayers;
			sourceTree = "<group>";
		};
		37851B901978F2DD00AE3AD0 /* Authentication */ = {
			isa = PBXGroup;
			children = (
				37851B911978F2DD00AE3AD0 /* CTSAuthLayer.h */,
				37851B921978F2DD00AE3AD0 /* CTSAuthLayer.m */,
				37851B931978F2DD00AE3AD0 /* CTSAuthLayerConstants.h */,
			);
			path = Authentication;
			sourceTree = "<group>";
		};
		37851B941978F2DD00AE3AD0 /* CitrusError */ = {
			isa = PBXGroup;
			children = (
				37851B951978F2DD00AE3AD0 /* CTSError.h */,
				37851B961978F2DD00AE3AD0 /* CTSError.m */,
			);
			path = CitrusError;
			sourceTree = "<group>";
		};
		37851B971978F2DD00AE3AD0 /* Core */ = {
			isa = PBXGroup;
			children = (
				37F83B16198BA13D0023998D /* RestLayerConstants.h */,
				37851B981978F2DD00AE3AD0 /* CTSObject.h */,
				37851B991978F2DD00AE3AD0 /* CTSObject.m */,
				37851B9C1978F2DD00AE3AD0 /* CTSUtility.h */,
				37851B9D1978F2DD00AE3AD0 /* CTSUtility.m */,
				37D6C210197CF8BD00F357FD /* CTSCoreProtocol.h */,
				37D6C211197D289300F357FD /* CTSOauthManager.h */,
				37D6C212197D289300F357FD /* CTSOauthManager.m */,
				37B74D7E199CAD7D00D7CC2C /* OauthStatus.h */,
				37B74D7F199CAD7D00D7CC2C /* OauthStatus.m */,
			);
			path = Core;
			sourceTree = "<group>";
		};
		37851BA21978F2DD00AE3AD0 /* External */ = {
			isa = PBXGroup;
			children = (
				37F83B15198B73E20023998D /* UserLogging.h */,
				371B5D29198A5D110096451C /* JSONModel */,
				37851BA31978F2DD00AE3AD0 /* CreditCard-Validator.h */,
				37851BA41978F2DD00AE3AD0 /* CreditCard-Validator.m */,
			);
			path = External;
			sourceTree = "<group>";
		};
		37A7C6981922458F005D29D4 = {
			isa = PBXGroup;
			children = (
				37A7C6AA1922458F005D29D4 /* CTSiOSSdk */,
				37A7C6C91922458F005D29D4 /* RestFulltesterTests */,
				37A7C6A31922458F005D29D4 /* Frameworks */,
				37A7C6A21922458F005D29D4 /* Products */,
			);
			sourceTree = "<group>";
		};
		37A7C6A21922458F005D29D4 /* Products */ = {
			isa = PBXGroup;
			children = (
				37A7C6A11922458F005D29D4 /* CTS iOS Sdk.app */,
				37A7C6C21922458F005D29D4 /* CTS iOS SdkTests.xctest */,
			);
			name = Products;
			sourceTree = "<group>";
		};
		37A7C6A31922458F005D29D4 /* Frameworks */ = {
			isa = PBXGroup;
			children = (
				37A7C6A41922458F005D29D4 /* Foundation.framework */,
				37A7C6A61922458F005D29D4 /* CoreGraphics.framework */,
				37A7C6A81922458F005D29D4 /* UIKit.framework */,
				37A7C6C31922458F005D29D4 /* XCTest.framework */,
			);
			name = Frameworks;
			sourceTree = "<group>";
		};
		37A7C6AA1922458F005D29D4 /* CTSiOSSdk */ = {
			isa = PBXGroup;
			children = (
				6BEDF4601993A50600F97231 /* HMACSignature.h */,
				6BEDF4611993A50600F97231 /* HMACSignature.m */,
				37851B421978F2DD00AE3AD0 /* CitrusDevKit */,
				37A7C6D919224ACC005D29D4 /* constants */,
				37A7C6B31922458F005D29D4 /* AppDelegate.h */,
				37A7C6B41922458F005D29D4 /* AppDelegate.m */,
				37A7C6B61922458F005D29D4 /* Main.storyboard */,
				37A7C6B91922458F005D29D4 /* ViewController.h */,
				37A7C6BA1922458F005D29D4 /* ViewController.m */,
				37A7C6BC1922458F005D29D4 /* Images.xcassets */,
				37A7C6AB1922458F005D29D4 /* Supporting Files */,
				3723D1571948371B00C50FA5 /* TestParams.h */,
				376E4EC719B5A13F00739B00 /* ServerSignature.h */,
				376E4EC819B5A13F00739B00 /* ServerSignature.m */,
			);
			name = CTSiOSSdk;
			path = RestFulltester;
			sourceTree = "<group>";
		};
		37A7C6AB1922458F005D29D4 /* Supporting Files */ = {
			isa = PBXGroup;
			children = (
				375F30F2195BF24500F86149 /* .gitignore */,
				37A7C6AC1922458F005D29D4 /* CTS iOS Sdk-Info.plist */,
				37A7C6AD1922458F005D29D4 /* InfoPlist.strings */,
				37A7C6B01922458F005D29D4 /* main.m */,
				37A7C6B21922458F005D29D4 /* CTS iOS Sdk-Prefix.pch */,
			);
			name = "Supporting Files";
			sourceTree = "<group>";
		};
		37A7C6C91922458F005D29D4 /* RestFulltesterTests */ = {
			isa = PBXGroup;
			children = (
				37A7C6CF1922458F005D29D4 /* RestFulltesterTests.m */,
				37A7C6CA1922458F005D29D4 /* Supporting Files */,
			);
			path = RestFulltesterTests;
			sourceTree = "<group>";
		};
		37A7C6CA1922458F005D29D4 /* Supporting Files */ = {
			isa = PBXGroup;
			children = (
				37A7C6CB1922458F005D29D4 /* CTS iOS SdkTests-Info.plist */,
				37A7C6CC1922458F005D29D4 /* InfoPlist.strings */,
			);
			name = "Supporting Files";
			sourceTree = "<group>";
		};
		37A7C6D919224ACC005D29D4 /* constants */ = {
			isa = PBXGroup;
			children = (
				37A7C6DA19224B0E005D29D4 /* Networking.h */,
				37A7C6DB19224B64005D29D4 /* Networking.m */,
			);
			name = constants;
			sourceTree = "<group>";
		};
		37C96443198F6B350021DC0B /* UserProfile */ = {
			isa = PBXGroup;
			children = (
				37C96444198F6B350021DC0B /* CTSProfileLayer.h */,
				37C96445198F6B350021DC0B /* CTSProfileLayer.m */,
				37C96446198F6B350021DC0B /* CTSProfileLayerConstants.h */,
			);
			path = UserProfile;
			sourceTree = "<group>";
		};
		37C9644D198F723E0021DC0B /* RequestObjects */ = {
			isa = PBXGroup;
			children = (
				37C9644E198F723E0021DC0B /* Payment */,
				37C96465198F723E0021DC0B /* UserProfile */,
			);
			path = RequestObjects;
			sourceTree = "<group>";
		};
		37C9644E198F723E0021DC0B /* Payment */ = {
			isa = PBXGroup;
			children = (
				371536DE1994998200EDF560 /* CTSTokenizedPaymentToken.h */,
				371536DF1994998200EDF560 /* CTSTokenizedPaymentToken.m */,
				37C9644F198F723E0021DC0B /* CTSAmount.h */,
				37C96450198F723E0021DC0B /* CTSAmount.m */,
				37C96451198F723E0021DC0B /* CTSGuestCheckout.h */,
				37C96452198F723E0021DC0B /* CTSGuestCheckout.m */,
				37C96453198F723E0021DC0B /* CTSPaymentMode.h */,
				37C96454198F723E0021DC0B /* CTSPaymentMode.m */,
				37C96455198F723E0021DC0B /* CTSPaymentNetbankingRequest.h */,
				37C96456198F723E0021DC0B /* CTSPaymentNetbankingRequest.m */,
				37C96457198F723E0021DC0B /* CTSPaymentRequest.h */,
				37C96458198F723E0021DC0B /* CTSPaymentRequest.m */,
				37C96459198F723E0021DC0B /* CTSPaymentToken.h */,
				37C9645A198F723E0021DC0B /* CTSPaymentToken.m */,
				37C9645B198F723E0021DC0B /* CTSPaymentUpdate.h */,
				37C9645C198F723E0021DC0B /* CTSPaymentUpdate.m */,
				37C9645D198F723E0021DC0B /* CTSTokenizedCardPayment.h */,
				37C9645E198F723E0021DC0B /* CTSTokenizedCardPayment.m */,
				37C9645F198F723E0021DC0B /* CTSUserAddress.h */,
				37C96460198F723E0021DC0B /* CTSUserAddress.m */,
				37C96461198F723E0021DC0B /* CTSUserDetails.h */,
				37C96462198F723E0021DC0B /* CTSUserDetails.m */,
			);
			path = Payment;
			sourceTree = "<group>";
		};
		37C96465198F723E0021DC0B /* UserProfile */ = {
			isa = PBXGroup;
			children = (
				37C96466198F723E0021DC0B /* CTSContactUpdate.h */,
				37C96467198F723E0021DC0B /* CTSContactUpdate.m */,
				37C96468198F723E0021DC0B /* CTSElectronicCardUpdate.h */,
				37C96469198F723E0021DC0B /* CTSElectronicCardUpdate.m */,
				37C9646A198F723E0021DC0B /* CTSNetBankingUpdate.h */,
				37C9646B198F723E0021DC0B /* CTSNetBankingUpdate.m */,
				37C9646C198F723E0021DC0B /* CTSPaymentDetailUpdate.h */,
				37C9646D198F723E0021DC0B /* CTSPaymentDetailUpdate.m */,
				37C9646E198F723E0021DC0B /* CTSPaymentOption.h */,
				37C9646F198F723E0021DC0B /* CTSPaymentOption.m */,
				37C96470198F723E0021DC0B /* CTSPrepaidUpdate.h */,
				37C96471198F723E0021DC0B /* CTSPrepaidUpdate.m */,
				37C96472198F723E0021DC0B /* CTSTokenizedPayment.h */,
				37C96473198F723E0021DC0B /* CTSTokenizedPayment.m */,
			);
			path = UserProfile;
			sourceTree = "<group>";
		};
		37C96474198F723E0021DC0B /* ResponseObjects */ = {
			isa = PBXGroup;
			children = (
				37C96475198F723E0021DC0B /* Authentication */,
				37C9647A198F723E0021DC0B /* Payment */,
				37C96487198F723E0021DC0B /* UserProfile */,
			);
			path = ResponseObjects;
			sourceTree = "<group>";
		};
		37C96475198F723E0021DC0B /* Authentication */ = {
			isa = PBXGroup;
			children = (
				37C964AE198F86960021DC0B /* CTSOauthTokenRes.h */,
				37C964AF198F86960021DC0B /* CTSOauthTokenRes.m */,
				37C964B0198F86960021DC0B /* CTSSignUpRes.h */,
				37C964B1198F86960021DC0B /* CTSSignUpRes.m */,
			);
			path = Authentication;
			sourceTree = "<group>";
		};
		37C9647A198F723E0021DC0B /* Payment */ = {
			isa = PBXGroup;
			children = (
				37C9647B198F723E0021DC0B /* CTSCreditCardOption.h */,
				37C9647C198F723E0021DC0B /* CTSCreditCardOption.m */,
				37C9647D198F723E0021DC0B /* CTSDebitCardOption.h */,
				37C9647E198F723E0021DC0B /* CTSDebitCardOption.m */,
				37C9647F198F723E0021DC0B /* CTSNetbankingOption.h */,
				37C96480198F723E0021DC0B /* CTSNetbankingOption.m */,
				37C96481198F723E0021DC0B /* CTSPaymentRes.h */,
				37C96482198F723E0021DC0B /* CTSPaymentRes.m */,
				37C96483198F723E0021DC0B /* CTSPaymentTransactionRes.h */,
				37C96484198F723E0021DC0B /* CTSPaymentTransactionRes.m */,
				37C96485198F723E0021DC0B /* CTSPgSettings.h */,
				37C96486198F723E0021DC0B /* CTSPgSettings.m */,
			);
			path = Payment;
			sourceTree = "<group>";
		};
		37C96487198F723E0021DC0B /* UserProfile */ = {
			isa = PBXGroup;
			children = (
				37C96488198F723E0021DC0B /* CTSProfileContactRes.h */,
				37C96489198F723E0021DC0B /* CTSProfileContactRes.m */,
				37C9648A198F723E0021DC0B /* CTSProfilePaymentRes.h */,
				37C9648B198F723E0021DC0B /* CTSProfilePaymentRes.m */,
				37C9648C198F723E0021DC0B /* CTSProfilePrepaidRes.h */,
				37C9648D198F723E0021DC0B /* CTSProfilePrepaidRes.m */,
				37C9648E198F723E0021DC0B /* GetProfileRes.h */,
				37C9648F198F723E0021DC0B /* GetProfileRes.m */,
			);
			path = UserProfile;
			sourceTree = "<group>";
		};
		37E1F89719C036EC00DC29AF /* dto */ = {
			isa = PBXGroup;
			children = (
				37E1F89819C036EC00DC29AF /* CTSSignupState.h */,
				37E1F89919C036EC00DC29AF /* CTSSignupState.m */,
			);
			path = dto;
			sourceTree = "<group>";
		};
		6BEDF36D199382F500F97231 /* Payment */ = {
			isa = PBXGroup;
			children = (
				6BEDF36E199382F500F97231 /* CTSPaymentLayer.h */,
				6BEDF36F199382F500F97231 /* CTSPaymentLayer.m */,
				6BEDF370199382F500F97231 /* CTSPaymentLayerConstants.h */,
			);
			path = Payment;
			sourceTree = "<group>";
		};
/* End PBXGroup section */

/* Begin PBXNativeTarget section */
		37A7C6A01922458F005D29D4 /* CTS iOS Sdk */ = {
			isa = PBXNativeTarget;
			buildConfigurationList = 37A7C6D31922458F005D29D4 /* Build configuration list for PBXNativeTarget "CTS iOS Sdk" */;
			buildPhases = (
				37A7C69D1922458F005D29D4 /* Sources */,
				37A7C69E1922458F005D29D4 /* Frameworks */,
				37A7C69F1922458F005D29D4 /* Resources */,
				37942D53196BD2DC008BEC0B /* ShellScript */,
			);
			buildRules = (
			);
			dependencies = (
			);
			name = "CTS iOS Sdk";
			productName = RestFulltester;
			productReference = 37A7C6A11922458F005D29D4 /* CTS iOS Sdk.app */;
			productType = "com.apple.product-type.application";
		};
		37A7C6C11922458F005D29D4 /* CTS iOS SdkTests */ = {
			isa = PBXNativeTarget;
			buildConfigurationList = 37A7C6D61922458F005D29D4 /* Build configuration list for PBXNativeTarget "CTS iOS SdkTests" */;
			buildPhases = (
				92BA0F49A92B47EC8E0FC395 /* Check Pods Manifest.lock */,
				37A7C6BE1922458F005D29D4 /* Sources */,
				37A7C6BF1922458F005D29D4 /* Frameworks */,
				37A7C6C01922458F005D29D4 /* Resources */,
				BA6117144D9C4864B25338C5 /* Copy Pods Resources */,
			);
			buildRules = (
			);
			dependencies = (
				37A7C6C81922458F005D29D4 /* PBXTargetDependency */,
			);
			name = "CTS iOS SdkTests";
			productName = RestFulltesterTests;
			productReference = 37A7C6C21922458F005D29D4 /* CTS iOS SdkTests.xctest */;
			productType = "com.apple.product-type.bundle.unit-test";
		};
/* End PBXNativeTarget section */

/* Begin PBXProject section */
		37A7C6991922458F005D29D4 /* Project object */ = {
			isa = PBXProject;
			attributes = {
				LastUpgradeCheck = 0510;
				ORGANIZATIONNAME = Citrus;
				TargetAttributes = {
					37A7C6C11922458F005D29D4 = {
						TestTargetID = 37A7C6A01922458F005D29D4;
					};
				};
			};
			buildConfigurationList = 37A7C69C1922458F005D29D4 /* Build configuration list for PBXProject "CTS iOS Sdk" */;
			compatibilityVersion = "Xcode 3.2";
			developmentRegion = English;
			hasScannedForEncodings = 0;
			knownRegions = (
				en,
				Base,
			);
			mainGroup = 37A7C6981922458F005D29D4;
			productRefGroup = 37A7C6A21922458F005D29D4 /* Products */;
			projectDirPath = "";
			projectRoot = "";
			targets = (
				37A7C6A01922458F005D29D4 /* CTS iOS Sdk */,
				37A7C6C11922458F005D29D4 /* CTS iOS SdkTests */,
			);
		};
/* End PBXProject section */

/* Begin PBXResourcesBuildPhase section */
		37A7C69F1922458F005D29D4 /* Resources */ = {
			isa = PBXResourcesBuildPhase;
			buildActionMask = 2147483647;
			files = (
				375F30F3195BF24500F86149 /* .gitignore in Resources */,
				37A7C6BD1922458F005D29D4 /* Images.xcassets in Resources */,
				37A7C6AF1922458F005D29D4 /* InfoPlist.strings in Resources */,
				37A7C6B81922458F005D29D4 /* Main.storyboard in Resources */,
			);
			runOnlyForDeploymentPostprocessing = 0;
		};
		37A7C6C01922458F005D29D4 /* Resources */ = {
			isa = PBXResourcesBuildPhase;
			buildActionMask = 2147483647;
			files = (
				37A7C6CE1922458F005D29D4 /* InfoPlist.strings in Resources */,
			);
			runOnlyForDeploymentPostprocessing = 0;
		};
/* End PBXResourcesBuildPhase section */

/* Begin PBXShellScriptBuildPhase section */
		37942D53196BD2DC008BEC0B /* ShellScript */ = {
			isa = PBXShellScriptBuildPhase;
			buildActionMask = 2147483647;
			files = (
			);
			inputPaths = (
			);
			outputPaths = (
			);
			runOnlyForDeploymentPostprocessing = 0;
			shellPath = /bin/sh;
			shellScript = "./Crashlytics.framework/run cc59d321d54daf67e4511ab5b3eb439600627288 50b83d61ad70b8898a260f45ba31e468c8dc7d49b3be93e89b23aea4e5778516";
		};
		92BA0F49A92B47EC8E0FC395 /* Check Pods Manifest.lock */ = {
			isa = PBXShellScriptBuildPhase;
			buildActionMask = 2147483647;
			files = (
			);
			inputPaths = (
			);
			name = "Check Pods Manifest.lock";
			outputPaths = (
			);
			runOnlyForDeploymentPostprocessing = 0;
			shellPath = /bin/sh;
			shellScript = "diff \"${PODS_ROOT}/../Podfile.lock\" \"${PODS_ROOT}/Manifest.lock\" > /dev/null\nif [[ $? != 0 ]] ; then\n    cat << EOM\nerror: The sandbox is not in sync with the Podfile.lock. Run 'pod install' or update your CocoaPods installation.\nEOM\n    exit 1\nfi\n";
			showEnvVarsInLog = 0;
		};
		BA6117144D9C4864B25338C5 /* Copy Pods Resources */ = {
			isa = PBXShellScriptBuildPhase;
			buildActionMask = 2147483647;
			files = (
			);
			inputPaths = (
			);
			name = "Copy Pods Resources";
			outputPaths = (
			);
			runOnlyForDeploymentPostprocessing = 0;
			shellPath = /bin/sh;
			shellScript = "\"${SRCROOT}/Pods/Pods-RestFulltesterTests-resources.sh\"\n";
			showEnvVarsInLog = 0;
		};
/* End PBXShellScriptBuildPhase section */

/* Begin PBXSourcesBuildPhase section */
		37A7C69D1922458F005D29D4 /* Sources */ = {
			isa = PBXSourcesBuildPhase;
			buildActionMask = 2147483647;
			files = (
				37C96497198F723E0021DC0B /* CTSTokenizedCardPayment.m in Sources */,
				37C96495198F723E0021DC0B /* CTSPaymentToken.m in Sources */,
				37C96498198F723E0021DC0B /* CTSUserAddress.m in Sources */,
				37851BF61978F2DD00AE3AD0 /* CTSError.m in Sources */,
				37D6C213197D289300F357FD /* CTSOauthManager.m in Sources */,
				37A7C6BB1922458F005D29D4 /* ViewController.m in Sources */,
				37A7C6B51922458F005D29D4 /* AppDelegate.m in Sources */,
				37C96490198F723E0021DC0B /* CTSAmount.m in Sources */,
				371B5D49198A5D110096451C /* JSONModelError.m in Sources */,
				37C964AB198F723E0021DC0B /* CTSProfilePaymentRes.m in Sources */,
				37C964A5198F723E0021DC0B /* CTSDebitCardOption.m in Sources */,
				37C964B3198F86960021DC0B /* CTSSignUpRes.m in Sources */,
				37C96491198F723E0021DC0B /* CTSGuestCheckout.m in Sources */,
				37C9649C198F723E0021DC0B /* CTSElectronicCardUpdate.m in Sources */,
				371B5D28198A5CCF0096451C /* CTSRestPluginBase.m in Sources */,
				371B5D4A198A5D110096451C /* NSArray+JSONModel.m in Sources */,
				37C964A6198F723E0021DC0B /* CTSNetbankingOption.m in Sources */,
				37C96492198F723E0021DC0B /* CTSPaymentMode.m in Sources */,
				37C964A4198F723E0021DC0B /* CTSCreditCardOption.m in Sources */,
				371B5D45198A5D110096451C /* JSONModel+CoreData.m in Sources */,
				37851BF81978F2DD00AE3AD0 /* CTSObject.m in Sources */,
				37851C001978F2DD00AE3AD0 /* CreditCard-Validator.m in Sources */,
				37851BF41978F2DD00AE3AD0 /* CTSAuthLayer.m in Sources */,
				3733269619B860190084D52D /* JSONValueTransformer.m in Sources */,
				37C96493198F723E0021DC0B /* CTSPaymentNetbankingRequest.m in Sources */,
				37C9649F198F723E0021DC0B /* CTSPaymentOption.m in Sources */,
				37851BB61978F2DD00AE3AD0 /* CTSTypeToParameterMapping.m in Sources */,
				37851BFC1978F2DD00AE3AD0 /* CTSUtility.m in Sources */,
				371B5D24198A5CCF0096451C /* CTSRestCore.m in Sources */,
				371B5D27198A5CCF0096451C /* CTSRestObject.m in Sources */,
				37851C021978F2DD00AE3AD0 /* NSObject+logProperties.m in Sources */,
				37C96447198F6B350021DC0B /* CTSProfileLayer.m in Sources */,
				37C96496198F723E0021DC0B /* CTSPaymentUpdate.m in Sources */,
				37851BB41978F2DD00AE3AD0 /* CTSRestRegister.m in Sources */,
				37C964B2198F86960021DC0B /* CTSOauthTokenRes.m in Sources */,
				6BEDF371199382F500F97231 /* CTSPaymentLayer.m in Sources */,
				37C964AA198F723E0021DC0B /* CTSProfileContactRes.m in Sources */,
				371B5D25198A5CCF0096451C /* CTSRestCoreRequest.m in Sources */,
				37C9649D198F723E0021DC0B /* CTSNetBankingUpdate.m in Sources */,
				37C964A8198F723E0021DC0B /* CTSPaymentTransactionRes.m in Sources */,
				371536E01994998200EDF560 /* CTSTokenizedPaymentToken.m in Sources */,
				376E4EC919B5A13F00739B00 /* ServerSignature.m in Sources */,
				3733269519B860190084D52D /* JSONKeyMapper.m in Sources */,
				37C964A1198F723E0021DC0B /* CTSTokenizedPayment.m in Sources */,
				37A7C6B11922458F005D29D4 /* main.m in Sources */,
				37B74D80199CAD7D00D7CC2C /* OauthStatus.m in Sources */,
				371B5D47198A5D110096451C /* JSONModelArray.m in Sources */,
				37C9649B198F723E0021DC0B /* CTSContactUpdate.m in Sources */,
				37C9649E198F723E0021DC0B /* CTSPaymentDetailUpdate.m in Sources */,
				371B5D26198A5CCF0096451C /* CTSRestCoreResponse.m in Sources */,
				37C96494198F723E0021DC0B /* CTSPaymentRequest.m in Sources */,
				371B5D48198A5D110096451C /* JSONModelClassProperty.m in Sources */,
				6BEDF4621993A50600F97231 /* HMACSignature.m in Sources */,
				371B5D46198A5D110096451C /* JSONModel.m in Sources */,
				37A7C6DC19224B64005D29D4 /* Networking.m in Sources */,
				371B5D52198A5D770096451C /* CTSRestError.m in Sources */,
				37C964AD198F723E0021DC0B /* GetProfileRes.m in Sources */,
				37C96499198F723E0021DC0B /* CTSUserDetails.m in Sources */,
				37E1F89A19C036EC00DC29AF /* CTSSignupState.m in Sources */,
				37C964A0198F723E0021DC0B /* CTSPrepaidUpdate.m in Sources */,
				37C964A9198F723E0021DC0B /* CTSPgSettings.m in Sources */,
				37C964A7198F723E0021DC0B /* CTSPaymentRes.m in Sources */,
				37C964AC198F723E0021DC0B /* CTSProfilePrepaidRes.m in Sources */,
			);
			runOnlyForDeploymentPostprocessing = 0;
		};
		37A7C6BE1922458F005D29D4 /* Sources */ = {
			isa = PBXSourcesBuildPhase;
			buildActionMask = 2147483647;
			files = (
				37E1F89B19C036EC00DC29AF /* CTSSignupState.m in Sources */,
				37851BF71978F2DD00AE3AD0 /* CTSError.m in Sources */,
				37A7C6D01922458F005D29D4 /* RestFulltesterTests.m in Sources */,
				37851BF51978F2DD00AE3AD0 /* CTSAuthLayer.m in Sources */,
				37851BB51978F2DD00AE3AD0 /* CTSRestRegister.m in Sources */,
				37851BB71978F2DD00AE3AD0 /* CTSTypeToParameterMapping.m in Sources */,
				37851BF91978F2DD00AE3AD0 /* CTSObject.m in Sources */,
				37851BFD1978F2DD00AE3AD0 /* CTSUtility.m in Sources */,
				37851C031978F2DD00AE3AD0 /* NSObject+logProperties.m in Sources */,
				37851C011978F2DD00AE3AD0 /* CreditCard-Validator.m in Sources */,
			);
			runOnlyForDeploymentPostprocessing = 0;
		};
/* End PBXSourcesBuildPhase section */

/* Begin PBXTargetDependency section */
		37A7C6C81922458F005D29D4 /* PBXTargetDependency */ = {
			isa = PBXTargetDependency;
			target = 37A7C6A01922458F005D29D4 /* CTS iOS Sdk */;
			targetProxy = 37A7C6C71922458F005D29D4 /* PBXContainerItemProxy */;
		};
/* End PBXTargetDependency section */

/* Begin PBXVariantGroup section */
		37A7C6AD1922458F005D29D4 /* InfoPlist.strings */ = {
			isa = PBXVariantGroup;
			children = (
				37A7C6AE1922458F005D29D4 /* en */,
			);
			name = InfoPlist.strings;
			sourceTree = "<group>";
		};
		37A7C6B61922458F005D29D4 /* Main.storyboard */ = {
			isa = PBXVariantGroup;
			children = (
				37A7C6B71922458F005D29D4 /* Base */,
			);
			name = Main.storyboard;
			sourceTree = "<group>";
		};
		37A7C6CC1922458F005D29D4 /* InfoPlist.strings */ = {
			isa = PBXVariantGroup;
			children = (
				37A7C6CD1922458F005D29D4 /* en */,
			);
			name = InfoPlist.strings;
			sourceTree = "<group>";
		};
/* End PBXVariantGroup section */

/* Begin XCBuildConfiguration section */
		37A7C6D11922458F005D29D4 /* Debug */ = {
			isa = XCBuildConfiguration;
			buildSettings = {
				ALWAYS_SEARCH_USER_PATHS = NO;
				CLANG_CXX_LANGUAGE_STANDARD = "gnu++0x";
				CLANG_CXX_LIBRARY = "libc++";
				CLANG_ENABLE_MODULES = YES;
				CLANG_ENABLE_OBJC_ARC = YES;
				CLANG_WARN_BOOL_CONVERSION = YES;
				CLANG_WARN_CONSTANT_CONVERSION = YES;
				CLANG_WARN_DIRECT_OBJC_ISA_USAGE = YES_ERROR;
				CLANG_WARN_EMPTY_BODY = YES;
				CLANG_WARN_ENUM_CONVERSION = YES;
				CLANG_WARN_INT_CONVERSION = YES;
				CLANG_WARN_OBJC_ROOT_CLASS = YES_ERROR;
				CLANG_WARN__DUPLICATE_METHOD_MATCH = YES;
				"CODE_SIGN_IDENTITY[sdk=iphoneos*]" = "iPhone Developer";
				COPY_PHASE_STRIP = NO;
				GCC_C_LANGUAGE_STANDARD = gnu99;
				GCC_DYNAMIC_NO_PIC = NO;
				GCC_OPTIMIZATION_LEVEL = 0;
				GCC_PREPROCESSOR_DEFINITIONS = (
					"DEBUG=1",
					"$(inherited)",
				);
				GCC_SYMBOLS_PRIVATE_EXTERN = NO;
				GCC_WARN_64_TO_32_BIT_CONVERSION = YES;
				GCC_WARN_ABOUT_RETURN_TYPE = YES_ERROR;
				GCC_WARN_UNDECLARED_SELECTOR = YES;
				GCC_WARN_UNINITIALIZED_AUTOS = YES_AGGRESSIVE;
				GCC_WARN_UNUSED_FUNCTION = YES;
				GCC_WARN_UNUSED_VARIABLE = YES;
				IPHONEOS_DEPLOYMENT_TARGET = 6.1;
				ONLY_ACTIVE_ARCH = YES;
				SDKROOT = iphoneos;
			};
			name = Debug;
		};
		37A7C6D21922458F005D29D4 /* Release */ = {
			isa = XCBuildConfiguration;
			buildSettings = {
				ALWAYS_SEARCH_USER_PATHS = NO;
				CLANG_CXX_LANGUAGE_STANDARD = "gnu++0x";
				CLANG_CXX_LIBRARY = "libc++";
				CLANG_ENABLE_MODULES = YES;
				CLANG_ENABLE_OBJC_ARC = YES;
				CLANG_WARN_BOOL_CONVERSION = YES;
				CLANG_WARN_CONSTANT_CONVERSION = YES;
				CLANG_WARN_DIRECT_OBJC_ISA_USAGE = YES_ERROR;
				CLANG_WARN_EMPTY_BODY = YES;
				CLANG_WARN_ENUM_CONVERSION = YES;
				CLANG_WARN_INT_CONVERSION = YES;
				CLANG_WARN_OBJC_ROOT_CLASS = YES_ERROR;
				CLANG_WARN__DUPLICATE_METHOD_MATCH = YES;
				"CODE_SIGN_IDENTITY[sdk=iphoneos*]" = "iPhone Developer";
				COPY_PHASE_STRIP = YES;
				ENABLE_NS_ASSERTIONS = NO;
				GCC_C_LANGUAGE_STANDARD = gnu99;
				GCC_WARN_64_TO_32_BIT_CONVERSION = YES;
				GCC_WARN_ABOUT_RETURN_TYPE = YES_ERROR;
				GCC_WARN_UNDECLARED_SELECTOR = YES;
				GCC_WARN_UNINITIALIZED_AUTOS = YES_AGGRESSIVE;
				GCC_WARN_UNUSED_FUNCTION = YES;
				GCC_WARN_UNUSED_VARIABLE = YES;
				IPHONEOS_DEPLOYMENT_TARGET = 6.1;
				ONLY_ACTIVE_ARCH = YES;
				SDKROOT = iphoneos;
				VALIDATE_PRODUCT = YES;
			};
			name = Release;
		};
		37A7C6D41922458F005D29D4 /* Debug */ = {
			isa = XCBuildConfiguration;
			buildSettings = {
				ASSETCATALOG_COMPILER_APPICON_NAME = AppIcon;
				ASSETCATALOG_COMPILER_LAUNCHIMAGE_NAME = LaunchImage;
				GCC_PRECOMPILE_PREFIX_HEADER = YES;
				GCC_PREFIX_HEADER = "RestFulltester/CTS iOS Sdk-Prefix.pch";
				INFOPLIST_FILE = "RestFulltester/CTS iOS Sdk-Info.plist";
				OTHER_LDFLAGS = (
					"-ObjC",
					"-framework",
					CFNetwork,
					"-framework",
					CoreData,
					"-framework",
					CoreGraphics,
					"-framework",
					MobileCoreServices,
					"-framework",
					Security,
					"-framework",
					SystemConfiguration,
				);
				PRODUCT_NAME = "CTS iOS Sdk";
				WRAPPER_EXTENSION = app;
			};
			name = Debug;
		};
		37A7C6D51922458F005D29D4 /* Release */ = {
			isa = XCBuildConfiguration;
			buildSettings = {
				ASSETCATALOG_COMPILER_APPICON_NAME = AppIcon;
				ASSETCATALOG_COMPILER_LAUNCHIMAGE_NAME = LaunchImage;
				GCC_PRECOMPILE_PREFIX_HEADER = YES;
				GCC_PREFIX_HEADER = "RestFulltester/CTS iOS Sdk-Prefix.pch";
				INFOPLIST_FILE = "RestFulltester/CTS iOS Sdk-Info.plist";
				OTHER_LDFLAGS = (
					"-ObjC",
					"-framework",
					CFNetwork,
					"-framework",
					CoreData,
					"-framework",
					CoreGraphics,
					"-framework",
					MobileCoreServices,
					"-framework",
					Security,
					"-framework",
					SystemConfiguration,
				);
				PRODUCT_NAME = "CTS iOS Sdk";
				WRAPPER_EXTENSION = app;
			};
			name = Release;
		};
		37A7C6D71922458F005D29D4 /* Debug */ = {
			isa = XCBuildConfiguration;
			buildSettings = {
				BUNDLE_LOADER = "$(BUILT_PRODUCTS_DIR)/RestFulltester.app/RestFulltester";
				FRAMEWORK_SEARCH_PATHS = (
					"$(SDKROOT)/Developer/Library/Frameworks",
					"$(inherited)",
					"$(DEVELOPER_FRAMEWORKS_DIR)",
				);
				GCC_PRECOMPILE_PREFIX_HEADER = YES;
				GCC_PREFIX_HEADER = "RestFulltester/RestFulltester-Prefix.pch";
				GCC_PREPROCESSOR_DEFINITIONS = (
					"DEBUG=1",
					"$(inherited)",
				);
				INFOPLIST_FILE = "RestFulltesterTests/CTS iOS SdkTests-Info.plist";
				PRODUCT_NAME = "CTS iOS SdkTests";
				TEST_HOST = "$(BUNDLE_LOADER)";
				WRAPPER_EXTENSION = xctest;
			};
			name = Debug;
		};
		37A7C6D81922458F005D29D4 /* Release */ = {
			isa = XCBuildConfiguration;
			buildSettings = {
				BUNDLE_LOADER = "$(BUILT_PRODUCTS_DIR)/RestFulltester.app/RestFulltester";
				FRAMEWORK_SEARCH_PATHS = (
					"$(SDKROOT)/Developer/Library/Frameworks",
					"$(inherited)",
					"$(DEVELOPER_FRAMEWORKS_DIR)",
				);
				GCC_PRECOMPILE_PREFIX_HEADER = YES;
				GCC_PREFIX_HEADER = "RestFulltester/RestFulltester-Prefix.pch";
				INFOPLIST_FILE = "RestFulltesterTests/CTS iOS SdkTests-Info.plist";
				PRODUCT_NAME = "CTS iOS SdkTests";
				TEST_HOST = "$(BUNDLE_LOADER)";
				WRAPPER_EXTENSION = xctest;
			};
			name = Release;
		};
/* End XCBuildConfiguration section */

/* Begin XCConfigurationList section */
		37A7C69C1922458F005D29D4 /* Build configuration list for PBXProject "CTS iOS Sdk" */ = {
			isa = XCConfigurationList;
			buildConfigurations = (
				37A7C6D11922458F005D29D4 /* Debug */,
				37A7C6D21922458F005D29D4 /* Release */,
			);
			defaultConfigurationIsVisible = 0;
			defaultConfigurationName = Release;
		};
		37A7C6D31922458F005D29D4 /* Build configuration list for PBXNativeTarget "CTS iOS Sdk" */ = {
			isa = XCConfigurationList;
			buildConfigurations = (
				37A7C6D41922458F005D29D4 /* Debug */,
				37A7C6D51922458F005D29D4 /* Release */,
			);
			defaultConfigurationIsVisible = 0;
			defaultConfigurationName = Release;
		};
		37A7C6D61922458F005D29D4 /* Build configuration list for PBXNativeTarget "CTS iOS SdkTests" */ = {
			isa = XCConfigurationList;
			buildConfigurations = (
				37A7C6D71922458F005D29D4 /* Debug */,
				37A7C6D81922458F005D29D4 /* Release */,
			);
			defaultConfigurationIsVisible = 0;
			defaultConfigurationName = Release;
		};
/* End XCConfigurationList section */
	};
	rootObject = 37A7C6991922458F005D29D4 /* Project object */;
}
